Microsoft Visual Studio Solution File, Format Version 12.00
# Visual Studio Version 17
VisualStudioVersion = 17.5.2.0
MinimumVisualStudioVersion = 10.0.40219.1
Project("{FAE04EC0-301F-11D3-BF4B-00C04F79EFBC}") = "BreakoutGame.fable-temp", "BreakoutGame.fable-temp.csproj", "{2D5E7FBC-64DD-B9C3-B9B6-4A4C077419FB}"
EndProject
Global
	GlobalSection(SolutionConfigurationPlatforms) = preSolution
		Debug|Any CPU = Debug|Any CPU
		Release|Any CPU = Release|Any CPU
	EndGlobalSection
	GlobalSection(ProjectConfigurationPlatforms) = postSolution
		{2D5E7FBC-64DD-B9C3-B9B6-4A4C077419FB}.Debug|Any CPU.ActiveCfg = Debug|Any CPU
		{2D5E7FBC-64DD-B9C3-B9B6-4A4C077419FB}.Debug|Any CPU.Build.0 = Debug|Any CPU
		{2D5E7FBC-64DD-B9C3-B9B6-4A4C077419FB}.Release|Any CPU.ActiveCfg = Release|Any CPU
		{2D5E7FBC-64DD-B9C3-B9B6-4A4C077419FB}.Release|Any CPU.Build.0 = Release|Any CPU
	EndGlobalSection
	GlobalSection(SolutionProperties) = preSolution
		HideSolutionNode = FALSE
	EndGlobalSection
	GlobalSection(ExtensibilityGlobals) = postSolution
		SolutionGuid = {5DB1F1D0-5B9B-4331-A92E-FC3D1BCACF0B}
	EndGlobalSection
EndGlobal
